
Microsoft Visual Studio Solution File, Format Version 12.00
# Visual Studio Version 17
VisualStudioVersion = 17.3.32922.545
MinimumVisualStudioVersion = 10.0.40219.1
Project("{FAE04EC0-301F-11D3-BF4B-00C04F79EFBC}") = "lesson 10", "lesson 10.csproj", "{9B399916-46C9-46F7-B8B7-092D1D1C3C27}"
EndProject
Global
	GlobalSection(SolutionConfigurationPlatforms) = preSolution
		Debug|Any CPU = Debug|Any CPU
		Release|Any CPU = Release|Any CPU
	EndGlobalSection
	GlobalSection(ProjectConfigurationPlatforms) = postSolution
		{9B399916-46C9-46F7-B8B7-092D1D1C3C27}.Debug|Any CPU.ActiveCfg = Debug|Any CPU
		{9B399916-46C9-46F7-B8B7-092D1D1C3C27}.Debug|Any CPU.Build.0 = Debug|Any CPU
		{9B399916-46C9-46F7-B8B7-092D1D1C3C27}.Release|Any CPU.ActiveCfg = Release|Any CPU
		{9B399916-46C9-46F7-B8B7-092D1D1C3C27}.Release|Any CPU.Build.0 = Release|Any CPU
	EndGlobalSection
	GlobalSection(SolutionProperties) = preSolution
		HideSolutionNode = FALSE
	EndGlobalSection
	GlobalSection(ExtensibilityGlobals) = postSolution
		SolutionGuid = {2C5214F5-4D74-4240-ADAC-504EE746703D}
	EndGlobalSection
EndGlobal
